
Microsoft Visual Studio Solution File, Format Version 12.00
# Visual Studio 15
VisualStudioVersion = 15.0.27703.2042
MinimumVisualStudioVersion = 10.0.40219.1
Project("{FAE04EC0-301F-11D3-BF4B-00C04F79EFBC}") = "PushCounter", "PushCounter\PushCounter.csproj", "{29C07CA7-D104-4732-9AC0-F5EED28BFD10}"
EndProject
Global
	GlobalSection(SolutionConfigurationPlatforms) = preSolution
		Debug|Any CPU = Debug|Any CPU
		Release|Any CPU = Release|Any CPU
	EndGlobalSection
	GlobalSection(ProjectConfigurationPlatforms) = postSolution
		{29C07CA7-D104-4732-9AC0-F5EED28BFD10}.Debug|Any CPU.ActiveCfg = Debug|Any CPU
		{29C07CA7-D104-4732-9AC0-F5EED28BFD10}.Debug|Any CPU.Build.0 = Debug|Any CPU
		{29C07CA7-D104-4732-9AC0-F5EED28BFD10}.Release|Any CPU.ActiveCfg = Release|Any CPU
		{29C07CA7-D104-4732-9AC0-F5EED28BFD10}.Release|Any CPU.Build.0 = Release|Any CPU
	EndGlobalSection
	GlobalSection(SolutionProperties) = preSolution
		HideSolutionNode = FALSE
	EndGlobalSection
	GlobalSection(ExtensibilityGlobals) = postSolution
		SolutionGuid = {B9E42DF9-62F5-4B54-8C64-99ECADFBB646}
	EndGlobalSection
EndGlobal
